
Microsoft Visual Studio Solution File, Format Version 12.00
# Visual Studio 15
VisualStudioVersion = 15.0.27703.2026
MinimumVisualStudioVersion = 10.0.40219.1
Project("{FAE04EC0-301F-11D3-BF4B-00C04F79EFBC}") = "Sales.Android", "Sales\Sales.Android\Sales.Android.csproj", "{BA95B9DB-2143-4BCB-9F55-D2572D443610}"
EndProject
Project("{FAE04EC0-301F-11D3-BF4B-00C04F79EFBC}") = "Sales.iOS", "Sales\Sales.iOS\Sales.iOS.csproj", "{3559AA64-3556-4DCA-B250-4A7F7177BF88}"
EndProject
Project("{FAE04EC0-301F-11D3-BF4B-00C04F79EFBC}") = "Sales.UWP", "Sales\Sales.UWP\Sales.UWP.csproj", "{791374EB-6339-4205-BEFC-89BD1F1F567A}"
EndProject
Project("{FAE04EC0-301F-11D3-BF4B-00C04F79EFBC}") = "Sales", "Sales\Sales\Sales.csproj", "{EB9EA090-A206-44BB-BB4B-09544FCB83CD}"
EndProject
Project("{FAE04EC0-301F-11D3-BF4B-00C04F79EFBC}") = "Sales.Backend", "Sales.Backend\Sales.Backend.csproj", "{7D4A70A1-D6DB-46F0-AB3B-D23447242683}"
EndProject
Project("{FAE04EC0-301F-11D3-BF4B-00C04F79EFBC}") = "Sales.API", "Sales.API\Sales.API.csproj", "{AF213F5C-CEBB-4E31-A641-4C5D17CEFAD9}"
EndProject
Project("{FAE04EC0-301F-11D3-BF4B-00C04F79EFBC}") = "Sales.Domain", "Sales.Domain\Sales.Domain.csproj", "{1C683B24-C395-41C5-A3AB-77B7E85F7C5F}"
EndProject
Project("{FAE04EC0-301F-11D3-BF4B-00C04F79EFBC}") = "Sales.Common", "Sales.Common\Sales.Common.csproj", "{25099767-5F30-43BF-B301-71F639036ADF}"
EndProject
Global
	GlobalSection(SolutionConfigurationPlatforms) = preSolution
		Ad-Hoc|Any CPU = Ad-Hoc|Any CPU
		Ad-Hoc|ARM = Ad-Hoc|ARM
		Ad-Hoc|iPhone = Ad-Hoc|iPhone
		Ad-Hoc|iPhoneSimulator = Ad-Hoc|iPhoneSimulator
		Ad-Hoc|x64 = Ad-Hoc|x64
		Ad-Hoc|x86 = Ad-Hoc|x86
		AppStore|Any CPU = AppStore|Any CPU
		AppStore|ARM = AppStore|ARM
		AppStore|iPhone = AppStore|iPhone
		AppStore|iPhoneSimulator = AppStore|iPhoneSimulator
		AppStore|x64 = AppStore|x64
		AppStore|x86 = AppStore|x86
		Debug|Any CPU = Debug|Any CPU
		Debug|ARM = Debug|ARM
		Debug|iPhone = Debug|iPhone
		Debug|iPhoneSimulator = Debug|iPhoneSimulator
		Debug|x64 = Debug|x64
		Debug|x86 = Debug|x86
		Release|Any CPU = Release|Any CPU
		Release|ARM = Release|ARM
		Release|iPhone = Release|iPhone
		Release|iPhoneSimulator = Release|iPhoneSimulator
		Release|x64 = Release|x64
		Release|x86 = Release|x86
	EndGlobalSection
	GlobalSection(ProjectConfigurationPlatforms) = postSolution
		{BA95B9DB-2143-4BCB-9F55-D2572D443610}.Ad-Hoc|Any CPU.ActiveCfg = Release|Any CPU
		{BA95B9DB-2143-4BCB-9F55-D2572D443610}.Ad-Hoc|Any CPU.Build.0 = Release|Any CPU
		{BA95B9DB-2143-4BCB-9F55-D2572D443610}.Ad-Hoc|Any CPU.Deploy.0 = Release|Any CPU
		{BA95B9DB-2143-4BCB-9F55-D2572D443610}.Ad-Hoc|ARM.ActiveCfg = Release|Any CPU
		{BA95B9DB-2143-4BCB-9F55-D2572D443610}.Ad-Hoc|ARM.Build.0 = Release|Any CPU
		{BA95B9DB-2143-4BCB-9F55-D2572D443610}.Ad-Hoc|ARM.Deploy.0 = Release|Any CPU
		{BA95B9DB-2143-4BCB-9F55-D2572D443610}.Ad-Hoc|iPhone.ActiveCfg = Release|Any CPU
		{BA95B9DB-2143-4BCB-9F55-D2572D443610}.Ad-Hoc|iPhone.Build.0 = Release|Any CPU
		{BA95B9DB-2143-4BCB-9F55-D2572D443610}.Ad-Hoc|iPhone.Deploy.0 = Release|Any CPU
		{BA95B9DB-2143-4BCB-9F55-D2572D443610}.Ad-Hoc|iPhoneSimulator.ActiveCfg = Release|Any CPU
		{BA95B9DB-2143-4BCB-9F55-D2572D443610}.Ad-Hoc|iPhoneSimulator.Build.0 = Release|Any CPU
		{BA95B9DB-2143-4BCB-9F55-D2572D443610}.Ad-Hoc|iPhoneSimulator.Deploy.0 = Release|Any CPU
		{BA95B9DB-2143-4BCB-9F55-D2572D443610}.Ad-Hoc|x64.ActiveCfg = Release|Any CPU
		{BA95B9DB-2143-4BCB-9F55-D2572D443610}.Ad-Hoc|x64.Build.0 = Release|Any CPU
		{BA95B9DB-2143-4BCB-9F55-D2572D443610}.Ad-Hoc|x64.Deploy.0 = Release|Any CPU
		{BA95B9DB-2143-4BCB-9F55-D2572D443610}.Ad-Hoc|x86.ActiveCfg = Release|Any CPU
		{BA95B9DB-2143-4BCB-9F55-D2572D443610}.Ad-Hoc|x86.Build.0 = Release|Any CPU
		{BA95B9DB-2143-4BCB-9F55-D2572D443610}.Ad-Hoc|x86.Deploy.0 = Release|Any CPU
		{BA95B9DB-2143-4BCB-9F55-D2572D443610}.AppStore|Any CPU.ActiveCfg = Release|Any CPU
		{BA95B9DB-2143-4BCB-9F55-D2572D443610}.AppStore|Any CPU.Build.0 = Release|Any CPU
		{BA95B9DB-2143-4BCB-9F55-D2572D443610}.AppStore|Any CPU.Deploy.0 = Release|Any CPU
		{BA95B9DB-2143-4BCB-9F55-D2572D443610}.AppStore|ARM.ActiveCfg = Release|Any CPU
		{BA95B9DB-2143-4BCB-9F55-D2572D443610}.AppStore|ARM.Build.0 = Release|Any CPU
		{BA95B9DB-2143-4BCB-9F55-D2572D443610}.AppStore|ARM.Deploy.0 = Release|Any CPU
		{BA95B9DB-2143-4BCB-9F55-D2572D443610}.AppStore|iPhone.ActiveCfg = Release|Any CPU
		{BA95B9DB-2143-4BCB-9F55-D2572D443610}.AppStore|iPhone.Build.0 = Release|Any CPU
		{BA95B9DB-2143-4BCB-9F55-D2572D443610}.AppStore|iPhone.Deploy.0 = Release|Any CPU
		{BA95B9DB-2143-4BCB-9F55-D2572D443610}.AppStore|iPhoneSimulator.ActiveCfg = Release|Any CPU
		{BA95B9DB-2143-4BCB-9F55-D2572D443610}.AppStore|iPhoneSimulator.Build.0 = Release|Any CPU
		{BA95B9DB-2143-4BCB-9F55-D2572D443610}.AppStore|iPhoneSimulator.Deploy.0 = Release|Any CPU
		{BA95B9DB-2143-4BCB-9F55-D2572D443610}.AppStore|x64.ActiveCfg = Release|Any CPU
		{BA95B9DB-2143-4BCB-9F55-D2572D443610}.AppStore|x64.Build.0 = Release|Any CPU
		{BA95B9DB-2143-4BCB-9F55-D2572D443610}.AppStore|x64.Deploy.0 = Release|Any CPU
		{BA95B9DB-2143-4BCB-9F55-D2572D443610}.AppStore|x86.ActiveCfg = Release|Any CPU
		{BA95B9DB-2143-4BCB-9F55-D2572D443610}.AppStore|x86.Build.0 = Release|Any CPU
		{BA95B9DB-2143-4BCB-9F55-D2572D443610}.AppStore|x86.Deploy.0 = Release|Any CPU
		{BA95B9DB-2143-4BCB-9F55-D2572D443610}.Debug|Any CPU.ActiveCfg = Debug|Any CPU
		{BA95B9DB-2143-4BCB-9F55-D2572D443610}.Debug|Any CPU.Build.0 = Debug|Any CPU
		{BA95B9DB-2143-4BCB-9F55-D2572D443610}.Debug|Any CPU.Deploy.0 = Debug|Any CPU
		{BA95B9DB-2143-4BCB-9F55-D2572D443610}.Debug|ARM.ActiveCfg = Debug|Any CPU
		{BA95B9DB-2143-4BCB-9F55-D2572D443610}.Debug|ARM.Build.0 = Debug|Any CPU
		{BA95B9DB-2143-4BCB-9F55-D2572D443610}.Debug|ARM.Deploy.0 = Debug|Any CPU
		{BA95B9DB-2143-4BCB-9F55-D2572D443610}.Debug|iPhone.ActiveCfg = Debug|Any CPU
		{BA95B9DB-2143-4BCB-9F55-D2572D443610}.Debug|iPhone.Build.0 = Debug|Any CPU
		{BA95B9DB-2143-4BCB-9F55-D2572D443610}.Debug|iPhone.Deploy.0 = Debug|Any CPU
		{BA95B9DB-2143-4BCB-9F55-D2572D443610}.Debug|iPhoneSimulator.ActiveCfg = Debug|Any CPU
		{BA95B9DB-2143-4BCB-9F55-D2572D443610}.Debug|iPhoneSimulator.Build.0 = Debug|Any CPU
		{BA95B9DB-2143-4BCB-9F55-D2572D443610}.Debug|iPhoneSimulator.Deploy.0 = Debug|Any CPU
		{BA95B9DB-2143-4BCB-9F55-D2572D443610}.Debug|x64.ActiveCfg = Debug|Any CPU
		{BA95B9DB-2143-4BCB-9F55-D2572D443610}.Debug|x64.Build.0 = Debug|Any CPU
		{BA95B9DB-2143-4BCB-9F55-D2572D443610}.Debug|x64.Deploy.0 = Debug|Any CPU
		{BA95B9DB-2143-4BCB-9F55-D2572D443610}.Debug|x86.ActiveCfg = Debug|Any CPU
		{BA95B9DB-2143-4BCB-9F55-D2572D443610}.Debug|x86.Build.0 = Debug|Any CPU
		{BA95B9DB-2143-4BCB-9F55-D2572D443610}.Debug|x86.Deploy.0 = Debug|Any CPU
		{BA95B9DB-2143-4BCB-9F55-D2572D443610}.Release|Any CPU.ActiveCfg = Release|Any CPU
		{BA95B9DB-2143-4BCB-9F55-D2572D443610}.Release|Any CPU.Build.0 = Release|Any CPU
		{BA95B9DB-2143-4BCB-9F55-D2572D443610}.Release|Any CPU.Deploy.0 = Release|Any CPU
		{BA95B9DB-2143-4BCB-9F55-D2572D443610}.Release|ARM.ActiveCfg = Release|Any CPU
		{BA95B9DB-2143-4BCB-9F55-D2572D443610}.Release|ARM.Build.0 = Release|Any CPU
		{BA95B9DB-2143-4BCB-9F55-D2572D443610}.Release|ARM.Deploy.0 = Release|Any CPU
		{BA95B9DB-2143-4BCB-9F55-D2572D443610}.Release|iPhone.ActiveCfg = Release|Any CPU
		{BA95B9DB-2143-4BCB-9F55-D2572D443610}.Release|iPhone.Build.0 = Release|Any CPU
		{BA95B9DB-2143-4BCB-9F55-D2572D443610}.Release|iPhone.Deploy.0 = Release|Any CPU
		{BA95B9DB-2143-4BCB-9F55-D2572D443610}.Release|iPhoneSimulator.ActiveCfg = Release|Any CPU
		{BA95B9DB-2143-4BCB-9F55-D2572D443610}.Release|iPhoneSimulator.Build.0 = Release|Any CPU
		{BA95B9DB-2143-4BCB-9F55-D2572D443610}.Release|iPhoneSimulator.Deploy.0 = Release|Any CPU
		{BA95B9DB-2143-4BCB-9F55-D2572D443610}.Release|x64.ActiveCfg = Release|Any CPU
		{BA95B9DB-2143-4BCB-9F55-D2572D443610}.Release|x64.Build.0 = Release|Any CPU
		{BA95B9DB-2143-4BCB-9F55-D2572D443610}.Release|x64.Deploy.0 = Release|Any CPU
		{BA95B9DB-2143-4BCB-9F55-D2572D443610}.Release|x86.ActiveCfg = Release|Any CPU
		{BA95B9DB-2143-4BCB-9F55-D2572D443610}.Release|x86.Build.0 = Release|Any CPU
		{BA95B9DB-2143-4BCB-9F55-D2572D443610}.Release|x86.Deploy.0 = Release|Any CPU
		{3559AA64-3556-4DCA-B250-4A7F7177BF88}.Ad-Hoc|Any CPU.ActiveCfg = Ad-Hoc|iPhone
		{3559AA64-3556-4DCA-B250-4A7F7177BF88}.Ad-Hoc|Any CPU.Build.0 = Ad-Hoc|iPhone
		{3559AA64-3556-4DCA-B250-4A7F7177BF88}.Ad-Hoc|Any CPU.Deploy.0 = Ad-Hoc|iPhone
		{3559AA64-3556-4DCA-B250-4A7F7177BF88}.Ad-Hoc|ARM.ActiveCfg = Ad-Hoc|iPhone
		{3559AA64-3556-4DCA-B250-4A7F7177BF88}.Ad-Hoc|ARM.Build.0 = Ad-Hoc|iPhone
		{3559AA64-3556-4DCA-B250-4A7F7177BF88}.Ad-Hoc|ARM.Deploy.0 = Ad-Hoc|iPhone
		{3559AA64-3556-4DCA-B250-4A7F7177BF88}.Ad-Hoc|iPhone.ActiveCfg = Ad-Hoc|iPhone
		{3559AA64-3556-4DCA-B250-4A7F7177BF88}.Ad-Hoc|iPhone.Build.0 = Ad-Hoc|iPhone
		{3559AA64-3556-4DCA-B250-4A7F7177BF88}.Ad-Hoc|iPhone.Deploy.0 = Ad-Hoc|iPhone
		{3559AA64-3556-4DCA-B250-4A7F7177BF88}.Ad-Hoc|iPhoneSimulator.ActiveCfg = Ad-Hoc|iPhoneSimulator
		{3559AA64-3556-4DCA-B250-4A7F7177BF88}.Ad-Hoc|iPhoneSimulator.Build.0 = Ad-Hoc|iPhoneSimulator
		{3559AA64-3556-4DCA-B250-4A7F7177BF88}.Ad-Hoc|iPhoneSimulator.Deploy.0 = Ad-Hoc|iPhoneSimulator
		{3559AA64-3556-4DCA-B250-4A7F7177BF88}.Ad-Hoc|x64.ActiveCfg = Ad-Hoc|iPhone
		{3559AA64-3556-4DCA-B250-4A7F7177BF88}.Ad-Hoc|x64.Build.0 = Ad-Hoc|iPhone
		{3559AA64-3556-4DCA-B250-4A7F7177BF88}.Ad-Hoc|x64.Deploy.0 = Ad-Hoc|iPhone
		{3559AA64-3556-4DCA-B250-4A7F7177BF88}.Ad-Hoc|x86.ActiveCfg = Ad-Hoc|iPhone
		{3559AA64-3556-4DCA-B250-4A7F7177BF88}.Ad-Hoc|x86.Build.0 = Ad-Hoc|iPhone
		{3559AA64-3556-4DCA-B250-4A7F7177BF88}.Ad-Hoc|x86.Deploy.0 = Ad-Hoc|iPhone
		{3559AA64-3556-4DCA-B250-4A7F7177BF88}.AppStore|Any CPU.ActiveCfg = AppStore|iPhone
		{3559AA64-3556-4DCA-B250-4A7F7177BF88}.AppStore|Any CPU.Build.0 = AppStore|iPhone
		{3559AA64-3556-4DCA-B250-4A7F7177BF88}.AppStore|Any CPU.Deploy.0 = AppStore|iPhone
		{3559AA64-3556-4DCA-B250-4A7F7177BF88}.AppStore|ARM.ActiveCfg = AppStore|iPhone
		{3559AA64-3556-4DCA-B250-4A7F7177BF88}.AppStore|ARM.Build.0 = AppStore|iPhone
		{3559AA64-3556-4DCA-B250-4A7F7177BF88}.AppStore|ARM.Deploy.0 = AppStore|iPhone
		{3559AA64-3556-4DCA-B250-4A7F7177BF88}.AppStore|iPhone.ActiveCfg = AppStore|iPhone
		{3559AA64-3556-4DCA-B250-4A7F7177BF88}.AppStore|iPhone.Build.0 = AppStore|iPhone
		{3559AA64-3556-4DCA-B250-4A7F7177BF88}.AppStore|iPhone.Deploy.0 = AppStore|iPhone
		{3559AA64-3556-4DCA-B250-4A7F7177BF88}.AppStore|iPhoneSimulator.ActiveCfg = AppStore|iPhoneSimulator
		{3559AA64-3556-4DCA-B250-4A7F7177BF88}.AppStore|iPhoneSimulator.Build.0 = AppStore|iPhoneSimulator
		{3559AA64-3556-4DCA-B250-4A7F7177BF88}.AppStore|iPhoneSimulator.Deploy.0 = AppStore|iPhoneSimulator
		{3559AA64-3556-4DCA-B250-4A7F7177BF88}.AppStore|x64.ActiveCfg = AppStore|iPhone
		{3559AA64-3556-4DCA-B250-4A7F7177BF88}.AppStore|x64.Build.0 = AppStore|iPhone
		{3559AA64-3556-4DCA-B250-4A7F7177BF88}.AppStore|x64.Deploy.0 = AppStore|iPhone
		{3559AA64-3556-4DCA-B250-4A7F7177BF88}.AppStore|x86.ActiveCfg = AppStore|iPhone
		{3559AA64-3556-4DCA-B250-4A7F7177BF88}.AppStore|x86.Build.0 = AppStore|iPhone
		{3559AA64-3556-4DCA-B250-4A7F7177BF88}.AppStore|x86.Deploy.0 = AppStore|iPhone
		{3559AA64-3556-4DCA-B250-4A7F7177BF88}.Debug|Any CPU.ActiveCfg = Debug|iPhoneSimulator
		{3559AA64-3556-4DCA-B250-4A7F7177BF88}.Debug|Any CPU.Build.0 = Debug|iPhoneSimulator
		{3559AA64-3556-4DCA-B250-4A7F7177BF88}.Debug|Any CPU.Deploy.0 = Debug|iPhoneSimulator
		{3559AA64-3556-4DCA-B250-4A7F7177BF88}.Debug|ARM.ActiveCfg = Debug|iPhone
		{3559AA64-3556-4DCA-B250-4A7F7177BF88}.Debug|ARM.Build.0 = Debug|iPhone
		{3559AA64-3556-4DCA-B250-4A7F7177BF88}.Debug|ARM.Deploy.0 = Debug|iPhone
		{3559AA64-3556-4DCA-B250-4A7F7177BF88}.Debug|iPhone.ActiveCfg = Debug|iPhone
		{3559AA64-3556-4DCA-B250-4A7F7177BF88}.Debug|iPhone.Build.0 = Debug|iPhone
		{3559AA64-3556-4DCA-B250-4A7F7177BF88}.Debug|iPhone.Deploy.0 = Debug|iPhone
		{3559AA64-3556-4DCA-B250-4A7F7177BF88}.Debug|iPhoneSimulator.ActiveCfg = Debug|iPhoneSimulator
		{3559AA64-3556-4DCA-B250-4A7F7177BF88}.Debug|iPhoneSimulator.Build.0 = Debug|iPhoneSimulator
		{3559AA64-3556-4DCA-B250-4A7F7177BF88}.Debug|iPhoneSimulator.Deploy.0 = Debug|iPhoneSimulator
		{3559AA64-3556-4DCA-B250-4A7F7177BF88}.Debug|x64.ActiveCfg = Debug|iPhone
		{3559AA64-3556-4DCA-B250-4A7F7177BF88}.Debug|x64.Build.0 = Debug|iPhone
		{3559AA64-3556-4DCA-B250-4A7F7177BF88}.Debug|x64.Deploy.0 = Debug|iPhone
		{3559AA64-3556-4DCA-B250-4A7F7177BF88}.Debug|x86.ActiveCfg = Debug|iPhone
		{3559AA64-3556-4DCA-B250-4A7F7177BF88}.Debug|x86.Build.0 = Debug|iPhone
		{3559AA64-3556-4DCA-B250-4A7F7177BF88}.Debug|x86.Deploy.0 = Debug|iPhone
		{3559AA64-3556-4DCA-B250-4A7F7177BF88}.Release|Any CPU.ActiveCfg = Release|iPhone
		{3559AA64-3556-4DCA-B250-4A7F7177BF88}.Release|Any CPU.Build.0 = Release|iPhone
		{3559AA64-3556-4DCA-B250-4A7F7177BF88}.Release|Any CPU.Deploy.0 = Release|iPhone
		{3559AA64-3556-4DCA-B250-4A7F7177BF88}.Release|ARM.ActiveCfg = Release|iPhone
		{3559AA64-3556-4DCA-B250-4A7F7177BF88}.Release|ARM.Build.0 = Release|iPhone
		{3559AA64-3556-4DCA-B250-4A7F7177BF88}.Release|ARM.Deploy.0 = Release|iPhone
		{3559AA64-3556-4DCA-B250-4A7F7177BF88}.Release|iPhone.ActiveCfg = Release|iPhone
		{3559AA64-3556-4DCA-B250-4A7F7177BF88}.Release|iPhone.Build.0 = Release|iPhone
		{3559AA64-3556-4DCA-B250-4A7F7177BF88}.Release|iPhone.Deploy.0 = Release|iPhone
		{3559AA64-3556-4DCA-B250-4A7F7177BF88}.Release|iPhoneSimulator.ActiveCfg = Release|iPhoneSimulator
		{3559AA64-3556-4DCA-B250-4A7F7177BF88}.Release|iPhoneSimulator.Build.0 = Release|iPhoneSimulator
		{3559AA64-3556-4DCA-B250-4A7F7177BF88}.Release|iPhoneSimulator.Deploy.0 = Release|iPhoneSimulator
		{3559AA64-3556-4DCA-B250-4A7F7177BF88}.Release|x64.ActiveCfg = Release|iPhone
		{3559AA64-3556-4DCA-B250-4A7F7177BF88}.Release|x64.Build.0 = Release|iPhone
		{3559AA64-3556-4DCA-B250-4A7F7177BF88}.Release|x64.Deploy.0 = Release|iPhone
		{3559AA64-3556-4DCA-B250-4A7F7177BF88}.Release|x86.ActiveCfg = Release|iPhone
		{3559AA64-3556-4DCA-B250-4A7F7177BF88}.Release|x86.Build.0 = Release|iPhone
		{3559AA64-3556-4DCA-B250-4A7F7177BF88}.Release|x86.Deploy.0 = Release|iPhone
		{791374EB-6339-4205-BEFC-89BD1F1F567A}.Ad-Hoc|Any CPU.ActiveCfg = Release|x86
		{791374EB-6339-4205-BEFC-89BD1F1F567A}.Ad-Hoc|Any CPU.Build.0 = Release|x86
		{791374EB-6339-4205-BEFC-89BD1F1F567A}.Ad-Hoc|Any CPU.Deploy.0 = Release|x86
		{791374EB-6339-4205-BEFC-89BD1F1F567A}.Ad-Hoc|ARM.ActiveCfg = Release|ARM
		{791374EB-6339-4205-BEFC-89BD1F1F567A}.Ad-Hoc|ARM.Build.0 = Release|ARM
		{791374EB-6339-4205-BEFC-89BD1F1F567A}.Ad-Hoc|ARM.Deploy.0 = Release|ARM
		{791374EB-6339-4205-BEFC-89BD1F1F567A}.Ad-Hoc|iPhone.ActiveCfg = Release|x86
		{791374EB-6339-4205-BEFC-89BD1F1F567A}.Ad-Hoc|iPhone.Build.0 = Release|x86
		{791374EB-6339-4205-BEFC-89BD1F1F567A}.Ad-Hoc|iPhone.Deploy.0 = Release|x86
		{791374EB-6339-4205-BEFC-89BD1F1F567A}.Ad-Hoc|iPhoneSimulator.ActiveCfg = Release|x86
		{791374EB-6339-4205-BEFC-89BD1F1F567A}.Ad-Hoc|iPhoneSimulator.Build.0 = Release|x86
		{791374EB-6339-4205-BEFC-89BD1F1F567A}.Ad-Hoc|iPhoneSimulator.Deploy.0 = Release|x86
		{791374EB-6339-4205-BEFC-89BD1F1F567A}.Ad-Hoc|x64.ActiveCfg = Release|x64
		{791374EB-6339-4205-BEFC-89BD1F1F567A}.Ad-Hoc|x64.Build.0 = Release|x64
		{791374EB-6339-4205-BEFC-89BD1F1F567A}.Ad-Hoc|x64.Deploy.0 = Release|x64
		{791374EB-6339-4205-BEFC-89BD1F1F567A}.Ad-Hoc|x86.ActiveCfg = Release|x86
		{791374EB-6339-4205-BEFC-89BD1F1F567A}.Ad-Hoc|x86.Build.0 = Release|x86
		{791374EB-6339-4205-BEFC-89BD1F1F567A}.Ad-Hoc|x86.Deploy.0 = Release|x86
		{791374EB-6339-4205-BEFC-89BD1F1F567A}.AppStore|Any CPU.ActiveCfg = Release|x86
		{791374EB-6339-4205-BEFC-89BD1F1F567A}.AppStore|Any CPU.Build.0 = Release|x86
		{791374EB-6339-4205-BEFC-89BD1F1F567A}.AppStore|Any CPU.Deploy.0 = Release|x86
		{791374EB-6339-4205-BEFC-89BD1F1F567A}.AppStore|ARM.ActiveCfg = Release|ARM
		{791374EB-6339-4205-BEFC-89BD1F1F567A}.AppStore|ARM.Build.0 = Release|ARM
		{791374EB-6339-4205-BEFC-89BD1F1F567A}.AppStore|ARM.Deploy.0 = Release|ARM
		{791374EB-6339-4205-BEFC-89BD1F1F567A}.AppStore|iPhone.ActiveCfg = Release|x86
		{791374EB-6339-4205-BEFC-89BD1F1F567A}.AppStore|iPhone.Build.0 = Release|x86
		{791374EB-6339-4205-BEFC-89BD1F1F567A}.AppStore|iPhone.Deploy.0 = Release|x86
		{791374EB-6339-4205-BEFC-89BD1F1F567A}.AppStore|iPhoneSimulator.ActiveCfg = Release|x86
		{791374EB-6339-4205-BEFC-89BD1F1F567A}.AppStore|iPhoneSimulator.Build.0 = Release|x86
		{791374EB-6339-4205-BEFC-89BD1F1F567A}.AppStore|iPhoneSimulator.Deploy.0 = Release|x86
		{791374EB-6339-4205-BEFC-89BD1F1F567A}.AppStore|x64.ActiveCfg = Release|x64
		{791374EB-6339-4205-BEFC-89BD1F1F567A}.AppStore|x64.Build.0 = Release|x64
		{791374EB-6339-4205-BEFC-89BD1F1F567A}.AppStore|x64.Deploy.0 = Release|x64
		{791374EB-6339-4205-BEFC-89BD1F1F567A}.AppStore|x86.ActiveCfg = Release|x86
		{791374EB-6339-4205-BEFC-89BD1F1F567A}.AppStore|x86.Build.0 = Release|x86
		{791374EB-6339-4205-BEFC-89BD1F1F567A}.AppStore|x86.Deploy.0 = Release|x86
		{791374EB-6339-4205-BEFC-89BD1F1F567A}.Debug|Any CPU.ActiveCfg = Debug|x86
		{791374EB-6339-4205-BEFC-89BD1F1F567A}.Debug|Any CPU.Build.0 = Debug|x86
		{791374EB-6339-4205-BEFC-89BD1F1F567A}.Debug|Any CPU.Deploy.0 = Debug|x86
		{791374EB-6339-4205-BEFC-89BD1F1F567A}.Debug|ARM.ActiveCfg = Debug|ARM
		{791374EB-6339-4205-BEFC-89BD1F1F567A}.Debug|ARM.Build.0 = Debug|ARM
		{791374EB-6339-4205-BEFC-89BD1F1F567A}.Debug|ARM.Deploy.0 = Debug|ARM
		{791374EB-6339-4205-BEFC-89BD1F1F567A}.Debug|iPhone.ActiveCfg = Debug|x86
		{791374EB-6339-4205-BEFC-89BD1F1F567A}.Debug|iPhone.Build.0 = Debug|x86
		{791374EB-6339-4205-BEFC-89BD1F1F567A}.Debug|iPhone.Deploy.0 = Debug|x86
		{791374EB-6339-4205-BEFC-89BD1F1F567A}.Debug|iPhoneSimulator.ActiveCfg = Debug|x86
		{791374EB-6339-4205-BEFC-89BD1F1F567A}.Debug|iPhoneSimulator.Build.0 = Debug|x86
		{791374EB-6339-4205-BEFC-89BD1F1F567A}.Debug|iPhoneSimulator.Deploy.0 = Debug|x86
		{791374EB-6339-4205-BEFC-89BD1F1F567A}.Debug|x64.ActiveCfg = Debug|x64
		{791374EB-6339-4205-BEFC-89BD1F1F567A}.Debug|x64.Build.0 = Debug|x64
		{791374EB-6339-4205-BEFC-89BD1F1F567A}.Debug|x64.Deploy.0 = Debug|x64
		{791374EB-6339-4205-BEFC-89BD1F1F567A}.Debug|x86.ActiveCfg = Debug|x86
		{791374EB-6339-4205-BEFC-89BD1F1F567A}.Debug|x86.Build.0 = Debug|x86
		{791374EB-6339-4205-BEFC-89BD1F1F567A}.Debug|x86.Deploy.0 = Debug|x86
		{791374EB-6339-4205-BEFC-89BD1F1F567A}.Release|Any CPU.ActiveCfg = Release|x86
		{791374EB-6339-4205-BEFC-89BD1F1F567A}.Release|Any CPU.Build.0 = Release|x86
		{791374EB-6339-4205-BEFC-89BD1F1F567A}.Release|Any CPU.Deploy.0 = Release|x86
		{791374EB-6339-4205-BEFC-89BD1F1F567A}.Release|ARM.ActiveCfg = Release|ARM
		{791374EB-6339-4205-BEFC-89BD1F1F567A}.Release|ARM.Build.0 = Release|ARM
		{791374EB-6339-4205-BEFC-89BD1F1F567A}.Release|ARM.Deploy.0 = Release|ARM
		{791374EB-6339-4205-BEFC-89BD1F1F567A}.Release|iPhone.ActiveCfg = Release|x86
		{791374EB-6339-4205-BEFC-89BD1F1F567A}.Release|iPhone.Build.0 = Release|x86
		{791374EB-6339-4205-BEFC-89BD1F1F567A}.Release|iPhone.Deploy.0 = Release|x86
		{791374EB-6339-4205-BEFC-89BD1F1F567A}.Release|iPhoneSimulator.ActiveCfg = Release|x86
		{791374EB-6339-4205-BEFC-89BD1F1F567A}.Release|iPhoneSimulator.Build.0 = Release|x86
		{791374EB-6339-4205-BEFC-89BD1F1F567A}.Release|iPhoneSimulator.Deploy.0 = Release|x86
		{791374EB-6339-4205-BEFC-89BD1F1F567A}.Release|x64.ActiveCfg = Release|x64
		{791374EB-6339-4205-BEFC-89BD1F1F567A}.Release|x64.Build.0 = Release|x64
		{791374EB-6339-4205-BEFC-89BD1F1F567A}.Release|x64.Deploy.0 = Release|x64
		{791374EB-6339-4205-BEFC-89BD1F1F567A}.Release|x86.ActiveCfg = Release|x86
		{791374EB-6339-4205-BEFC-89BD1F1F567A}.Release|x86.Build.0 = Release|x86
		{791374EB-6339-4205-BEFC-89BD1F1F567A}.Release|x86.Deploy.0 = Release|x86
		{EB9EA090-A206-44BB-BB4B-09544FCB83CD}.Ad-Hoc|Any CPU.ActiveCfg = Debug|Any CPU
		{EB9EA090-A206-44BB-BB4B-09544FCB83CD}.Ad-Hoc|Any CPU.Build.0 = Debug|Any CPU
		{EB9EA090-A206-44BB-BB4B-09544FCB83CD}.Ad-Hoc|Any CPU.Deploy.0 = Debug|Any CPU
		{EB9EA090-A206-44BB-BB4B-09544FCB83CD}.Ad-Hoc|ARM.ActiveCfg = Debug|Any CPU
		{EB9EA090-A206-44BB-BB4B-09544FCB83CD}.Ad-Hoc|ARM.Build.0 = Debug|Any CPU
		{EB9EA090-A206-44BB-BB4B-09544FCB83CD}.Ad-Hoc|ARM.Deploy.0 = Debug|Any CPU
		{EB9EA090-A206-44BB-BB4B-09544FCB83CD}.Ad-Hoc|iPhone.ActiveCfg = Debug|Any CPU
		{EB9EA090-A206-44BB-BB4B-09544FCB83CD}.Ad-Hoc|iPhone.Build.0 = Debug|Any CPU
		{EB9EA090-A206-44BB-BB4B-09544FCB83CD}.Ad-Hoc|iPhone.Deploy.0 = Debug|Any CPU
		{EB9EA090-A206-44BB-BB4B-09544FCB83CD}.Ad-Hoc|iPhoneSimulator.ActiveCfg = Debug|Any CPU
		{EB9EA090-A206-44BB-BB4B-09544FCB83CD}.Ad-Hoc|iPhoneSimulator.Build.0 = Debug|Any CPU
		{EB9EA090-A206-44BB-BB4B-09544FCB83CD}.Ad-Hoc|iPhoneSimulator.Deploy.0 = Debug|Any CPU
		{EB9EA090-A206-44BB-BB4B-09544FCB83CD}.Ad-Hoc|x64.ActiveCfg = Debug|Any CPU
		{EB9EA090-A206-44BB-BB4B-09544FCB83CD}.Ad-Hoc|x64.Build.0 = Debug|Any CPU
		{EB9EA090-A206-44BB-BB4B-09544FCB83CD}.Ad-Hoc|x64.Deploy.0 = Debug|Any CPU
		{EB9EA090-A206-44BB-BB4B-09544FCB83CD}.Ad-Hoc|x86.ActiveCfg = Debug|Any CPU
		{EB9EA090-A206-44BB-BB4B-09544FCB83CD}.Ad-Hoc|x86.Build.0 = Debug|Any CPU
		{EB9EA090-A206-44BB-BB4B-09544FCB83CD}.Ad-Hoc|x86.Deploy.0 = Debug|Any CPU
		{EB9EA090-A206-44BB-BB4B-09544FCB83CD}.AppStore|Any CPU.ActiveCfg = Debug|Any CPU
		{EB9EA090-A206-44BB-BB4B-09544FCB83CD}.AppStore|Any CPU.Build.0 = Debug|Any CPU
		{EB9EA090-A206-44BB-BB4B-09544FCB83CD}.AppStore|Any CPU.Deploy.0 = Debug|Any CPU
		{EB9EA090-A206-44BB-BB4B-09544FCB83CD}.AppStore|ARM.ActiveCfg = Debug|Any CPU
		{EB9EA090-A206-44BB-BB4B-09544FCB83CD}.AppStore|ARM.Build.0 = Debug|Any CPU
		{EB9EA090-A206-44BB-BB4B-09544FCB83CD}.AppStore|ARM.Deploy.0 = Debug|Any CPU
		{EB9EA090-A206-44BB-BB4B-09544FCB83CD}.AppStore|iPhone.ActiveCfg = Debug|Any CPU
		{EB9EA090-A206-44BB-BB4B-09544FCB83CD}.AppStore|iPhone.Build.0 = Debug|Any CPU
		{EB9EA090-A206-44BB-BB4B-09544FCB83CD}.AppStore|iPhone.Deploy.0 = Debug|Any CPU
		{EB9EA090-A206-44BB-BB4B-09544FCB83CD}.AppStore|iPhoneSimulator.ActiveCfg = Debug|Any CPU
		{EB9EA090-A206-44BB-BB4B-09544FCB83CD}.AppStore|iPhoneSimulator.Build.0 = Debug|Any CPU
		{EB9EA090-A206-44BB-BB4B-09544FCB83CD}.AppStore|iPhoneSimulator.Deploy.0 = Debug|Any CPU
		{EB9EA090-A206-44BB-BB4B-09544FCB83CD}.AppStore|x64.ActiveCfg = Debug|Any CPU
		{EB9EA090-A206-44BB-BB4B-09544FCB83CD}.AppStore|x64.Build.0 = Debug|Any CPU
		{EB9EA090-A206-44BB-BB4B-09544FCB83CD}.AppStore|x64.Deploy.0 = Debug|Any CPU
		{EB9EA090-A206-44BB-BB4B-09544FCB83CD}.AppStore|x86.ActiveCfg = Debug|Any CPU
		{EB9EA090-A206-44BB-BB4B-09544FCB83CD}.AppStore|x86.Build.0 = Debug|Any CPU
		{EB9EA090-A206-44BB-BB4B-09544FCB83CD}.AppStore|x86.Deploy.0 = Debug|Any CPU
		{EB9EA090-A206-44BB-BB4B-09544FCB83CD}.Debug|Any CPU.ActiveCfg = Debug|Any CPU
		{EB9EA090-A206-44BB-BB4B-09544FCB83CD}.Debug|Any CPU.Build.0 = Debug|Any CPU
		{EB9EA090-A206-44BB-BB4B-09544FCB83CD}.Debug|Any CPU.Deploy.0 = Debug|Any CPU
		{EB9EA090-A206-44BB-BB4B-09544FCB83CD}.Debug|ARM.ActiveCfg = Debug|Any CPU
		{EB9EA090-A206-44BB-BB4B-09544FCB83CD}.Debug|ARM.Build.0 = Debug|Any CPU
		{EB9EA090-A206-44BB-BB4B-09544FCB83CD}.Debug|ARM.Deploy.0 = Debug|Any CPU
		{EB9EA090-A206-44BB-BB4B-09544FCB83CD}.Debug|iPhone.ActiveCfg = Debug|Any CPU
		{EB9EA090-A206-44BB-BB4B-09544FCB83CD}.Debug|iPhone.Build.0 = Debug|Any CPU
		{EB9EA090-A206-44BB-BB4B-09544FCB83CD}.Debug|iPhone.Deploy.0 = Debug|Any CPU
		{EB9EA090-A206-44BB-BB4B-09544FCB83CD}.Debug|iPhoneSimulator.ActiveCfg = Debug|Any CPU
		{EB9EA090-A206-44BB-BB4B-09544FCB83CD}.Debug|iPhoneSimulator.Build.0 = Debug|Any CPU
		{EB9EA090-A206-44BB-BB4B-09544FCB83CD}.Debug|iPhoneSimulator.Deploy.0 = Debug|Any CPU
		{EB9EA090-A206-44BB-BB4B-09544FCB83CD}.Debug|x64.ActiveCfg = Debug|Any CPU
		{EB9EA090-A206-44BB-BB4B-09544FCB83CD}.Debug|x64.Build.0 = Debug|Any CPU
		{EB9EA090-A206-44BB-BB4B-09544FCB83CD}.Debug|x64.Deploy.0 = Debug|Any CPU
		{EB9EA090-A206-44BB-BB4B-09544FCB83CD}.Debug|x86.ActiveCfg = Debug|Any CPU
		{EB9EA090-A206-44BB-BB4B-09544FCB83CD}.Debug|x86.Build.0 = Debug|Any CPU
		{EB9EA090-A206-44BB-BB4B-09544FCB83CD}.Debug|x86.Deploy.0 = Debug|Any CPU
		{EB9EA090-A206-44BB-BB4B-09544FCB83CD}.Release|Any CPU.ActiveCfg = Release|Any CPU
		{EB9EA090-A206-44BB-BB4B-09544FCB83CD}.Release|Any CPU.Build.0 = Release|Any CPU
		{EB9EA090-A206-44BB-BB4B-09544FCB83CD}.Release|Any CPU.Deploy.0 = Release|Any CPU
		{EB9EA090-A206-44BB-BB4B-09544FCB83CD}.Release|ARM.ActiveCfg = Release|Any CPU
		{EB9EA090-A206-44BB-BB4B-09544FCB83CD}.Release|ARM.Build.0 = Release|Any CPU
		{EB9EA090-A206-44BB-BB4B-09544FCB83CD}.Release|ARM.Deploy.0 = Release|Any CPU
		{EB9EA090-A206-44BB-BB4B-09544FCB83CD}.Release|iPhone.ActiveCfg = Release|Any CPU
		{EB9EA090-A206-44BB-BB4B-09544FCB83CD}.Release|iPhone.Build.0 = Release|Any CPU
		{EB9EA090-A206-44BB-BB4B-09544FCB83CD}.Release|iPhone.Deploy.0 = Release|Any CPU
		{EB9EA090-A206-44BB-BB4B-09544FCB83CD}.Release|iPhoneSimulator.ActiveCfg = Release|Any CPU
		{EB9EA090-A206-44BB-BB4B-09544FCB83CD}.Release|iPhoneSimulator.Build.0 = Release|Any CPU
		{EB9EA090-A206-44BB-BB4B-09544FCB83CD}.Release|iPhoneSimulator.Deploy.0 = Release|Any CPU
		{EB9EA090-A206-44BB-BB4B-09544FCB83CD}.Release|x64.ActiveCfg = Release|Any CPU
		{EB9EA090-A206-44BB-BB4B-09544FCB83CD}.Release|x64.Build.0 = Release|Any CPU
		{EB9EA090-A206-44BB-BB4B-09544FCB83CD}.Release|x64.Deploy.0 = Release|Any CPU
		{EB9EA090-A206-44BB-BB4B-09544FCB83CD}.Release|x86.ActiveCfg = Release|Any CPU
		{EB9EA090-A206-44BB-BB4B-09544FCB83CD}.Release|x86.Build.0 = Release|Any CPU
		{EB9EA090-A206-44BB-BB4B-09544FCB83CD}.Release|x86.Deploy.0 = Release|Any CPU
		{7D4A70A1-D6DB-46F0-AB3B-D23447242683}.Ad-Hoc|Any CPU.ActiveCfg = Release|Any CPU
		{7D4A70A1-D6DB-46F0-AB3B-D23447242683}.Ad-Hoc|Any CPU.Build.0 = Release|Any CPU
		{7D4A70A1-D6DB-46F0-AB3B-D23447242683}.Ad-Hoc|ARM.ActiveCfg = Release|Any CPU
		{7D4A70A1-D6DB-46F0-AB3B-D23447242683}.Ad-Hoc|ARM.Build.0 = Release|Any CPU
		{7D4A70A1-D6DB-46F0-AB3B-D23447242683}.Ad-Hoc|iPhone.ActiveCfg = Release|Any CPU
		{7D4A70A1-D6DB-46F0-AB3B-D23447242683}.Ad-Hoc|iPhone.Build.0 = Release|Any CPU
		{7D4A70A1-D6DB-46F0-AB3B-D23447242683}.Ad-Hoc|iPhoneSimulator.ActiveCfg = Release|Any CPU
		{7D4A70A1-D6DB-46F0-AB3B-D23447242683}.Ad-Hoc|iPhoneSimulator.Build.0 = Release|Any CPU
		{7D4A70A1-D6DB-46F0-AB3B-D23447242683}.Ad-Hoc|x64.ActiveCfg = Release|Any CPU
		{7D4A70A1-D6DB-46F0-AB3B-D23447242683}.Ad-Hoc|x64.Build.0 = Release|Any CPU
		{7D4A70A1-D6DB-46F0-AB3B-D23447242683}.Ad-Hoc|x86.ActiveCfg = Release|Any CPU
		{7D4A70A1-D6DB-46F0-AB3B-D23447242683}.Ad-Hoc|x86.Build.0 = Release|Any CPU
		{7D4A70A1-D6DB-46F0-AB3B-D23447242683}.AppStore|Any CPU.ActiveCfg = Release|Any CPU
		{7D4A70A1-D6DB-46F0-AB3B-D23447242683}.AppStore|Any CPU.Build.0 = Release|Any CPU
		{7D4A70A1-D6DB-46F0-AB3B-D23447242683}.AppStore|ARM.ActiveCfg = Release|Any CPU
		{7D4A70A1-D6DB-46F0-AB3B-D23447242683}.AppStore|ARM.Build.0 = Release|Any CPU
		{7D4A70A1-D6DB-46F0-AB3B-D23447242683}.AppStore|iPhone.ActiveCfg = Release|Any CPU
		{7D4A70A1-D6DB-46F0-AB3B-D23447242683}.AppStore|iPhone.Build.0 = Release|Any CPU
		{7D4A70A1-D6DB-46F0-AB3B-D23447242683}.AppStore|iPhoneSimulator.ActiveCfg = Release|Any CPU
		{7D4A70A1-D6DB-46F0-AB3B-D23447242683}.AppStore|iPhoneSimulator.Build.0 = Release|Any CPU
		{7D4A70A1-D6DB-46F0-AB3B-D23447242683}.AppStore|x64.ActiveCfg = Release|Any CPU
		{7D4A70A1-D6DB-46F0-AB3B-D23447242683}.AppStore|x64.Build.0 = Release|Any CPU
		{7D4A70A1-D6DB-46F0-AB3B-D23447242683}.AppStore|x86.ActiveCfg = Release|Any CPU
		{7D4A70A1-D6DB-46F0-AB3B-D23447242683}.AppStore|x86.Build.0 = Release|Any CPU
		{7D4A70A1-D6DB-46F0-AB3B-D23447242683}.Debug|Any CPU.ActiveCfg = Debug|Any CPU
		{7D4A70A1-D6DB-46F0-AB3B-D23447242683}.Debug|Any CPU.Build.0 = Debug|Any CPU
		{7D4A70A1-D6DB-46F0-AB3B-D23447242683}.Debug|ARM.ActiveCfg = Debug|Any CPU
		{7D4A70A1-D6DB-46F0-AB3B-D23447242683}.Debug|ARM.Build.0 = Debug|Any CPU
		{7D4A70A1-D6DB-46F0-AB3B-D23447242683}.Debug|iPhone.ActiveCfg = Debug|Any CPU
		{7D4A70A1-D6DB-46F0-AB3B-D23447242683}.Debug|iPhone.Build.0 = Debug|Any CPU
		{7D4A70A1-D6DB-46F0-AB3B-D23447242683}.Debug|iPhoneSimulator.ActiveCfg = Debug|Any CPU
		{7D4A70A1-D6DB-46F0-AB3B-D23447242683}.Debug|iPhoneSimulator.Build.0 = Debug|Any CPU
		{7D4A70A1-D6DB-46F0-AB3B-D23447242683}.Debug|x64.ActiveCfg = Debug|Any CPU
		{7D4A70A1-D6DB-46F0-AB3B-D23447242683}.Debug|x64.Build.0 = Debug|Any CPU
		{7D4A70A1-D6DB-46F0-AB3B-D23447242683}.Debug|x86.ActiveCfg = Debug|Any CPU
		{7D4A70A1-D6DB-46F0-AB3B-D23447242683}.Debug|x86.Build.0 = Debug|Any CPU
		{7D4A70A1-D6DB-46F0-AB3B-D23447242683}.Release|Any CPU.ActiveCfg = Release|Any CPU
		{7D4A70A1-D6DB-46F0-AB3B-D23447242683}.Release|Any CPU.Build.0 = Release|Any CPU
		{7D4A70A1-D6DB-46F0-AB3B-D23447242683}.Release|ARM.ActiveCfg = Release|Any CPU
		{7D4A70A1-D6DB-46F0-AB3B-D23447242683}.Release|ARM.Build.0 = Release|Any CPU
		{7D4A70A1-D6DB-46F0-AB3B-D23447242683}.Release|iPhone.ActiveCfg = Release|Any CPU
		{7D4A70A1-D6DB-46F0-AB3B-D23447242683}.Release|iPhone.Build.0 = Release|Any CPU
		{7D4A70A1-D6DB-46F0-AB3B-D23447242683}.Release|iPhoneSimulator.ActiveCfg = Release|Any CPU
		{7D4A70A1-D6DB-46F0-AB3B-D23447242683}.Release|iPhoneSimulator.Build.0 = Release|Any CPU
		{7D4A70A1-D6DB-46F0-AB3B-D23447242683}.Release|x64.ActiveCfg = Release|Any CPU
		{7D4A70A1-D6DB-46F0-AB3B-D23447242683}.Release|x64.Build.0 = Release|Any CPU
		{7D4A70A1-D6DB-46F0-AB3B-D23447242683}.Release|x86.ActiveCfg = Release|Any CPU
		{7D4A70A1-D6DB-46F0-AB3B-D23447242683}.Release|x86.Build.0 = Release|Any CPU
		{AF213F5C-CEBB-4E31-A641-4C5D17CEFAD9}.Ad-Hoc|Any CPU.ActiveCfg = Release|Any CPU
		{AF213F5C-CEBB-4E31-A641-4C5D17CEFAD9}.Ad-Hoc|Any CPU.Build.0 = Release|Any CPU
		{AF213F5C-CEBB-4E31-A641-4C5D17CEFAD9}.Ad-Hoc|ARM.ActiveCfg = Release|Any CPU
		{AF213F5C-CEBB-4E31-A641-4C5D17CEFAD9}.Ad-Hoc|ARM.Build.0 = Release|Any CPU
		{AF213F5C-CEBB-4E31-A641-4C5D17CEFAD9}.Ad-Hoc|iPhone.ActiveCfg = Release|Any CPU
		{AF213F5C-CEBB-4E31-A641-4C5D17CEFAD9}.Ad-Hoc|iPhone.Build.0 = Release|Any CPU
		{AF213F5C-CEBB-4E31-A641-4C5D17CEFAD9}.Ad-Hoc|iPhoneSimulator.ActiveCfg = Release|Any CPU
		{AF213F5C-CEBB-4E31-A641-4C5D17CEFAD9}.Ad-Hoc|iPhoneSimulator.Build.0 = Release|Any CPU
		{AF213F5C-CEBB-4E31-A641-4C5D17CEFAD9}.Ad-Hoc|x64.ActiveCfg = Release|Any CPU
		{AF213F5C-CEBB-4E31-A641-4C5D17CEFAD9}.Ad-Hoc|x64.Build.0 = Release|Any CPU
		{AF213F5C-CEBB-4E31-A641-4C5D17CEFAD9}.Ad-Hoc|x86.ActiveCfg = Release|Any CPU
		{AF213F5C-CEBB-4E31-A641-4C5D17CEFAD9}.Ad-Hoc|x86.Build.0 = Release|Any CPU
		{AF213F5C-CEBB-4E31-A641-4C5D17CEFAD9}.AppStore|Any CPU.ActiveCfg = Release|Any CPU
		{AF213F5C-CEBB-4E31-A641-4C5D17CEFAD9}.AppStore|Any CPU.Build.0 = Release|Any CPU
		{AF213F5C-CEBB-4E31-A641-4C5D17CEFAD9}.AppStore|ARM.ActiveCfg = Release|Any CPU
		{AF213F5C-CEBB-4E31-A641-4C5D17CEFAD9}.AppStore|ARM.Build.0 = Release|Any CPU
		{AF213F5C-CEBB-4E31-A641-4C5D17CEFAD9}.AppStore|iPhone.ActiveCfg = Release|Any CPU
		{AF213F5C-CEBB-4E31-A641-4C5D17CEFAD9}.AppStore|iPhone.Build.0 = Release|Any CPU
		{AF213F5C-CEBB-4E31-A641-4C5D17CEFAD9}.AppStore|iPhoneSimulator.ActiveCfg = Release|Any CPU
		{AF213F5C-CEBB-4E31-A641-4C5D17CEFAD9}.AppStore|iPhoneSimulator.Build.0 = Release|Any CPU
		{AF213F5C-CEBB-4E31-A641-4C5D17CEFAD9}.AppStore|x64.ActiveCfg = Release|Any CPU
		{AF213F5C-CEBB-4E31-A641-4C5D17CEFAD9}.AppStore|x64.Build.0 = Release|Any CPU
		{AF213F5C-CEBB-4E31-A641-4C5D17CEFAD9}.AppStore|x86.ActiveCfg = Release|Any CPU
		{AF213F5C-CEBB-4E31-A641-4C5D17CEFAD9}.AppStore|x86.Build.0 = Release|Any CPU
		{AF213F5C-CEBB-4E31-A641-4C5D17CEFAD9}.Debug|Any CPU.ActiveCfg = Debug|Any CPU
		{AF213F5C-CEBB-4E31-A641-4C5D17CEFAD9}.Debug|Any CPU.Build.0 = Debug|Any CPU
		{AF213F5C-CEBB-4E31-A641-4C5D17CEFAD9}.Debug|ARM.ActiveCfg = Debug|Any CPU
		{AF213F5C-CEBB-4E31-A641-4C5D17CEFAD9}.Debug|ARM.Build.0 = Debug|Any CPU
		{AF213F5C-CEBB-4E31-A641-4C5D17CEFAD9}.Debug|iPhone.ActiveCfg = Debug|Any CPU
		{AF213F5C-CEBB-4E31-A641-4C5D17CEFAD9}.Debug|iPhone.Build.0 = Debug|Any CPU
		{AF213F5C-CEBB-4E31-A641-4C5D17CEFAD9}.Debug|iPhoneSimulator.ActiveCfg = Debug|Any CPU
		{AF213F5C-CEBB-4E31-A641-4C5D17CEFAD9}.Debug|iPhoneSimulator.Build.0 = Debug|Any CPU
		{AF213F5C-CEBB-4E31-A641-4C5D17CEFAD9}.Debug|x64.ActiveCfg = Debug|Any CPU
		{AF213F5C-CEBB-4E31-A641-4C5D17CEFAD9}.Debug|x64.Build.0 = Debug|Any CPU
		{AF213F5C-CEBB-4E31-A641-4C5D17CEFAD9}.Debug|x86.ActiveCfg = Debug|Any CPU
		{AF213F5C-CEBB-4E31-A641-4C5D17CEFAD9}.Debug|x86.Build.0 = Debug|Any CPU
		{AF213F5C-CEBB-4E31-A641-4C5D17CEFAD9}.Release|Any CPU.ActiveCfg = Release|Any CPU
		{AF213F5C-CEBB-4E31-A641-4C5D17CEFAD9}.Release|Any CPU.Build.0 = Release|Any CPU
		{AF213F5C-CEBB-4E31-A641-4C5D17CEFAD9}.Release|ARM.ActiveCfg = Release|Any CPU
		{AF213F5C-CEBB-4E31-A641-4C5D17CEFAD9}.Release|ARM.Build.0 = Release|Any CPU
		{AF213F5C-CEBB-4E31-A641-4C5D17CEFAD9}.Release|iPhone.ActiveCfg = Release|Any CPU
		{AF213F5C-CEBB-4E31-A641-4C5D17CEFAD9}.Release|iPhone.Build.0 = Release|Any CPU
		{AF213F5C-CEBB-4E31-A641-4C5D17CEFAD9}.Release|iPhoneSimulator.ActiveCfg = Release|Any CPU
		{AF213F5C-CEBB-4E31-A641-4C5D17CEFAD9}.Release|iPhoneSimulator.Build.0 = Release|Any CPU
		{AF213F5C-CEBB-4E31-A641-4C5D17CEFAD9}.Release|x64.ActiveCfg = Release|Any CPU
		{AF213F5C-CEBB-4E31-A641-4C5D17CEFAD9}.Release|x64.Build.0 = Release|Any CPU
		{AF213F5C-CEBB-4E31-A641-4C5D17CEFAD9}.Release|x86.ActiveCfg = Release|Any CPU
		{AF213F5C-CEBB-4E31-A641-4C5D17CEFAD9}.Release|x86.Build.0 = Release|Any CPU
		{1C683B24-C395-41C5-A3AB-77B7E85F7C5F}.Ad-Hoc|Any CPU.ActiveCfg = Release|Any CPU
		{1C683B24-C395-41C5-A3AB-77B7E85F7C5F}.Ad-Hoc|Any CPU.Build.0 = Release|Any CPU
		{1C683B24-C395-41C5-A3AB-77B7E85F7C5F}.Ad-Hoc|ARM.ActiveCfg = Release|Any CPU
		{1C683B24-C395-41C5-A3AB-77B7E85F7C5F}.Ad-Hoc|ARM.Build.0 = Release|Any CPU
		{1C683B24-C395-41C5-A3AB-77B7E85F7C5F}.Ad-Hoc|iPhone.ActiveCfg = Release|Any CPU
		{1C683B24-C395-41C5-A3AB-77B7E85F7C5F}.Ad-Hoc|iPhone.Build.0 = Release|Any CPU
		{1C683B24-C395-41C5-A3AB-77B7E85F7C5F}.Ad-Hoc|iPhoneSimulator.ActiveCfg = Release|Any CPU
		{1C683B24-C395-41C5-A3AB-77B7E85F7C5F}.Ad-Hoc|iPhoneSimulator.Build.0 = Release|Any CPU
		{1C683B24-C395-41C5-A3AB-77B7E85F7C5F}.Ad-Hoc|x64.ActiveCfg = Release|Any CPU
		{1C683B24-C395-41C5-A3AB-77B7E85F7C5F}.Ad-Hoc|x64.Build.0 = Release|Any CPU
		{1C683B24-C395-41C5-A3AB-77B7E85F7C5F}.Ad-Hoc|x86.ActiveCfg = Release|Any CPU
		{1C683B24-C395-41C5-A3AB-77B7E85F7C5F}.Ad-Hoc|x86.Build.0 = Release|Any CPU
		{1C683B24-C395-41C5-A3AB-77B7E85F7C5F}.AppStore|Any CPU.ActiveCfg = Release|Any CPU
		{1C683B24-C395-41C5-A3AB-77B7E85F7C5F}.AppStore|Any CPU.Build.0 = Release|Any CPU
		{1C683B24-C395-41C5-A3AB-77B7E85F7C5F}.AppStore|ARM.ActiveCfg = Release|Any CPU
		{1C683B24-C395-41C5-A3AB-77B7E85F7C5F}.AppStore|ARM.Build.0 = Release|Any CPU
		{1C683B24-C395-41C5-A3AB-77B7E85F7C5F}.AppStore|iPhone.ActiveCfg = Release|Any CPU
		{1C683B24-C395-41C5-A3AB-77B7E85F7C5F}.AppStore|iPhone.Build.0 = Release|Any CPU
		{1C683B24-C395-41C5-A3AB-77B7E85F7C5F}.AppStore|iPhoneSimulator.ActiveCfg = Release|Any CPU
		{1C683B24-C395-41C5-A3AB-77B7E85F7C5F}.AppStore|iPhoneSimulator.Build.0 = Release|Any CPU
		{1C683B24-C395-41C5-A3AB-77B7E85F7C5F}.AppStore|x64.ActiveCfg = Release|Any CPU
		{1C683B24-C395-41C5-A3AB-77B7E85F7C5F}.AppStore|x64.Build.0 = Release|Any CPU
		{1C683B24-C395-41C5-A3AB-77B7E85F7C5F}.AppStore|x86.ActiveCfg = Release|Any CPU
		{1C683B24-C395-41C5-A3AB-77B7E85F7C5F}.AppStore|x86.Build.0 = Release|Any CPU
		{1C683B24-C395-41C5-A3AB-77B7E85F7C5F}.Debug|Any CPU.ActiveCfg = Debug|Any CPU
		{1C683B24-C395-41C5-A3AB-77B7E85F7C5F}.Debug|Any CPU.Build.0 = Debug|Any CPU
		{1C683B24-C395-41C5-A3AB-77B7E85F7C5F}.Debug|ARM.ActiveCfg = Debug|Any CPU
		{1C683B24-C395-41C5-A3AB-77B7E85F7C5F}.Debug|ARM.Build.0 = Debug|Any CPU
		{1C683B24-C395-41C5-A3AB-77B7E85F7C5F}.Debug|iPhone.ActiveCfg = Debug|Any CPU
		{1C683B24-C395-41C5-A3AB-77B7E85F7C5F}.Debug|iPhone.Build.0 = Debug|Any CPU
		{1C683B24-C395-41C5-A3AB-77B7E85F7C5F}.Debug|iPhoneSimulator.ActiveCfg = Debug|Any CPU
		{1C683B24-C395-41C5-A3AB-77B7E85F7C5F}.Debug|iPhoneSimulator.Build.0 = Debug|Any CPU
		{1C683B24-C395-41C5-A3AB-77B7E85F7C5F}.Debug|x64.ActiveCfg = Debug|Any CPU
		{1C683B24-C395-41C5-A3AB-77B7E85F7C5F}.Debug|x64.Build.0 = Debug|Any CPU
		{1C683B24-C395-41C5-A3AB-77B7E85F7C5F}.Debug|x86.ActiveCfg = Debug|Any CPU
		{1C683B24-C395-41C5-A3AB-77B7E85F7C5F}.Debug|x86.Build.0 = Debug|Any CPU
		{1C683B24-C395-41C5-A3AB-77B7E85F7C5F}.Release|Any CPU.ActiveCfg = Release|Any CPU
		{1C683B24-C395-41C5-A3AB-77B7E85F7C5F}.Release|Any CPU.Build.0 = Release|Any CPU
		{1C683B24-C395-41C5-A3AB-77B7E85F7C5F}.Release|ARM.ActiveCfg = Release|Any CPU
		{1C683B24-C395-41C5-A3AB-77B7E85F7C5F}.Release|ARM.Build.0 = Release|Any CPU
		{1C683B24-C395-41C5-A3AB-77B7E85F7C5F}.Release|iPhone.ActiveCfg = Release|Any CPU
		{1C683B24-C395-41C5-A3AB-77B7E85F7C5F}.Release|iPhone.Build.0 = Release|Any CPU
		{1C683B24-C395-41C5-A3AB-77B7E85F7C5F}.Release|iPhoneSimulator.ActiveCfg = Release|Any CPU
		{1C683B24-C395-41C5-A3AB-77B7E85F7C5F}.Release|iPhoneSimulator.Build.0 = Release|Any CPU
		{1C683B24-C395-41C5-A3AB-77B7E85F7C5F}.Release|x64.ActiveCfg = Release|Any CPU
		{1C683B24-C395-41C5-A3AB-77B7E85F7C5F}.Release|x64.Build.0 = Release|Any CPU
		{1C683B24-C395-41C5-A3AB-77B7E85F7C5F}.Release|x86.ActiveCfg = Release|Any CPU
		{1C683B24-C395-41C5-A3AB-77B7E85F7C5F}.Release|x86.Build.0 = Release|Any CPU
		{25099767-5F30-43BF-B301-71F639036ADF}.Ad-Hoc|Any CPU.ActiveCfg = Release|Any CPU
		{25099767-5F30-43BF-B301-71F639036ADF}.Ad-Hoc|Any CPU.Build.0 = Release|Any CPU
		{25099767-5F30-43BF-B301-71F639036ADF}.Ad-Hoc|ARM.ActiveCfg = Release|Any CPU
		{25099767-5F30-43BF-B301-71F639036ADF}.Ad-Hoc|ARM.Build.0 = Release|Any CPU
		{25099767-5F30-43BF-B301-71F639036ADF}.Ad-Hoc|iPhone.ActiveCfg = Release|Any CPU
		{25099767-5F30-43BF-B301-71F639036ADF}.Ad-Hoc|iPhone.Build.0 = Release|Any CPU
		{25099767-5F30-43BF-B301-71F639036ADF}.Ad-Hoc|iPhoneSimulator.ActiveCfg = Release|Any CPU
		{25099767-5F30-43BF-B301-71F639036ADF}.Ad-Hoc|iPhoneSimulator.Build.0 = Release|Any CPU
		{25099767-5F30-43BF-B301-71F639036ADF}.Ad-Hoc|x64.ActiveCfg = Release|Any CPU
		{25099767-5F30-43BF-B301-71F639036ADF}.Ad-Hoc|x64.Build.0 = Release|Any CPU
		{25099767-5F30-43BF-B301-71F639036ADF}.Ad-Hoc|x86.ActiveCfg = Release|Any CPU
		{25099767-5F30-43BF-B301-71F639036ADF}.Ad-Hoc|x86.Build.0 = Release|Any CPU
		{25099767-5F30-43BF-B301-71F639036ADF}.AppStore|Any CPU.ActiveCfg = Release|Any CPU
		{25099767-5F30-43BF-B301-71F639036ADF}.AppStore|Any CPU.Build.0 = Release|Any CPU
		{25099767-5F30-43BF-B301-71F639036ADF}.AppStore|ARM.ActiveCfg = Release|Any CPU
		{25099767-5F30-43BF-B301-71F639036ADF}.AppStore|ARM.Build.0 = Release|Any CPU
		{25099767-5F30-43BF-B301-71F639036ADF}.AppStore|iPhone.ActiveCfg = Release|Any CPU
		{25099767-5F30-43BF-B301-71F639036ADF}.AppStore|iPhone.Build.0 = Release|Any CPU
		{25099767-5F30-43BF-B301-71F639036ADF}.AppStore|iPhoneSimulator.ActiveCfg = Release|Any CPU
		{25099767-5F30-43BF-B301-71F639036ADF}.AppStore|iPhoneSimulator.Build.0 = Release|Any CPU
		{25099767-5F30-43BF-B301-71F639036ADF}.AppStore|x64.ActiveCfg = Release|Any CPU
		{25099767-5F30-43BF-B301-71F639036ADF}.AppStore|x64.Build.0 = Release|Any CPU
		{25099767-5F30-43BF-B301-71F639036ADF}.AppStore|x86.ActiveCfg = Release|Any CPU
		{25099767-5F30-43BF-B301-71F639036ADF}.AppStore|x86.Build.0 = Release|Any CPU
		{25099767-5F30-43BF-B301-71F639036ADF}.Debug|Any CPU.ActiveCfg = Debug|Any CPU
		{25099767-5F30-43BF-B301-71F639036ADF}.Debug|Any CPU.Build.0 = Debug|Any CPU
		{25099767-5F30-43BF-B301-71F639036ADF}.Debug|ARM.ActiveCfg = Debug|Any CPU
		{25099767-5F30-43BF-B301-71F639036ADF}.Debug|ARM.Build.0 = Debug|Any CPU
		{25099767-5F30-43BF-B301-71F639036ADF}.Debug|iPhone.ActiveCfg = Debug|Any CPU
		{25099767-5F30-43BF-B301-71F639036ADF}.Debug|iPhone.Build.0 = Debug|Any CPU
		{25099767-5F30-43BF-B301-71F639036ADF}.Debug|iPhoneSimulator.ActiveCfg = Debug|Any CPU
		{25099767-5F30-43BF-B301-71F639036ADF}.Debug|iPhoneSimulator.Build.0 = Debug|Any CPU
		{25099767-5F30-43BF-B301-71F639036ADF}.Debug|x64.ActiveCfg = Debug|Any CPU
		{25099767-5F30-43BF-B301-71F639036ADF}.Debug|x64.Build.0 = Debug|Any CPU
		{25099767-5F30-43BF-B301-71F639036ADF}.Debug|x86.ActiveCfg = Debug|Any CPU
		{25099767-5F30-43BF-B301-71F639036ADF}.Debug|x86.Build.0 = Debug|Any CPU
		{25099767-5F30-43BF-B301-71F639036ADF}.Release|Any CPU.ActiveCfg = Release|Any CPU
		{25099767-5F30-43BF-B301-71F639036ADF}.Release|Any CPU.Build.0 = Release|Any CPU
		{25099767-5F30-43BF-B301-71F639036ADF}.Release|ARM.ActiveCfg = Release|Any CPU
		{25099767-5F30-43BF-B301-71F639036ADF}.Release|ARM.Build.0 = Release|Any CPU
		{25099767-5F30-43BF-B301-71F639036ADF}.Release|iPhone.ActiveCfg = Release|Any CPU
		{25099767-5F30-43BF-B301-71F639036ADF}.Release|iPhone.Build.0 = Release|Any CPU
		{25099767-5F30-43BF-B301-71F639036ADF}.Release|iPhoneSimulator.ActiveCfg = Release|Any CPU
		{25099767-5F30-43BF-B301-71F639036ADF}.Release|iPhoneSimulator.Build.0 = Release|Any CPU
		{25099767-5F30-43BF-B301-71F639036ADF}.Release|x64.ActiveCfg = Release|Any CPU
		{25099767-5F30-43BF-B301-71F639036ADF}.Release|x64.Build.0 = Release|Any CPU
		{25099767-5F30-43BF-B301-71F639036ADF}.Release|x86.ActiveCfg = Release|Any CPU
		{25099767-5F30-43BF-B301-71F639036ADF}.Release|x86.Build.0 = Release|Any CPU
	EndGlobalSection
	GlobalSection(SolutionProperties) = preSolution
		HideSolutionNode = FALSE
	EndGlobalSection
	GlobalSection(ExtensibilityGlobals) = postSolution
		SolutionGuid = {8A703AF5-9924-4FEF-9B6B-6040660B757C}
	EndGlobalSection
EndGlobal
